
Microsoft Visual Studio Solution File, Format Version 12.00
# Visual Studio Version 17
VisualStudioVersion = 17.14.36616.10 d17.14
MinimumVisualStudioVersion = 10.0.40219.1
Project("{FAE04EC0-301F-11D3-BF4B-00C04F79EFBC}") = "ass1Karan", "ass1Karan\ass1Karan.csproj", "{FF35020B-B14D-4D77-A46D-A8CD09DDEF53}"
EndProject
Global
	GlobalSection(SolutionConfigurationPlatforms) = preSolution
		Debug|Any CPU = Debug|Any CPU
		Release|Any CPU = Release|Any CPU
	EndGlobalSection
	GlobalSection(ProjectConfigurationPlatforms) = postSolution
		{FF35020B-B14D-4D77-A46D-A8CD09DDEF53}.Debug|Any CPU.ActiveCfg = Debug|Any CPU
		{FF35020B-B14D-4D77-A46D-A8CD09DDEF53}.Debug|Any CPU.Build.0 = Debug|Any CPU
		{FF35020B-B14D-4D77-A46D-A8CD09DDEF53}.Release|Any CPU.ActiveCfg = Release|Any CPU
		{FF35020B-B14D-4D77-A46D-A8CD09DDEF53}.Release|Any CPU.Build.0 = Release|Any CPU
	EndGlobalSection
	GlobalSection(SolutionProperties) = preSolution
		HideSolutionNode = FALSE
	EndGlobalSection
	GlobalSection(ExtensibilityGlobals) = postSolution
		SolutionGuid = {16978738-2B3D-4051-BB29-7BD4FA9854E6}
	EndGlobalSection
EndGlobal
